
Microsoft Visual Studio Solution File, Format Version 12.00
# Visual Studio Version 17
VisualStudioVersion = 17.1.32421.90
MinimumVisualStudioVersion = 10.0.40219.1
Project("{FAE04EC0-301F-11D3-BF4B-00C04F79EFBC}") = "TpN5.EF.UI", "TpN5.EF.UI\TpN5.EF.UI.csproj", "{8B409E88-AF33-4A76-936C-215EC1B25C9B}"
EndProject
Project("{FAE04EC0-301F-11D3-BF4B-00C04F79EFBC}") = "TpN5.EF.Logic", "TpN5.EF.Logic\TpN5.EF.Logic.csproj", "{1EE7CC6F-18FD-499D-8960-1FF312176B2B}"
EndProject
Project("{FAE04EC0-301F-11D3-BF4B-00C04F79EFBC}") = "TpN5.EF.Data", "TpN5.EF.Data\TpN5.EF.Data.csproj", "{0019EA75-EBAF-4F47-AACD-D3879EEA60AE}"
EndProject
Project("{FAE04EC0-301F-11D3-BF4B-00C04F79EFBC}") = "TpN5.EF.Entities", "TpN5.EF.Entities\TpN5.EF.Entities.csproj", "{93038C07-FD81-44D0-87C8-FECB3AAE132A}"
EndProject
Global
	GlobalSection(SolutionConfigurationPlatforms) = preSolution
		Debug|Any CPU = Debug|Any CPU
		Release|Any CPU = Release|Any CPU
	EndGlobalSection
	GlobalSection(ProjectConfigurationPlatforms) = postSolution
		{8B409E88-AF33-4A76-936C-215EC1B25C9B}.Debug|Any CPU.ActiveCfg = Debug|Any CPU
		{8B409E88-AF33-4A76-936C-215EC1B25C9B}.Debug|Any CPU.Build.0 = Debug|Any CPU
		{8B409E88-AF33-4A76-936C-215EC1B25C9B}.Release|Any CPU.ActiveCfg = Release|Any CPU
		{8B409E88-AF33-4A76-936C-215EC1B25C9B}.Release|Any CPU.Build.0 = Release|Any CPU
		{1EE7CC6F-18FD-499D-8960-1FF312176B2B}.Debug|Any CPU.ActiveCfg = Debug|Any CPU
		{1EE7CC6F-18FD-499D-8960-1FF312176B2B}.Debug|Any CPU.Build.0 = Debug|Any CPU
		{1EE7CC6F-18FD-499D-8960-1FF312176B2B}.Release|Any CPU.ActiveCfg = Release|Any CPU
		{1EE7CC6F-18FD-499D-8960-1FF312176B2B}.Release|Any CPU.Build.0 = Release|Any CPU
		{0019EA75-EBAF-4F47-AACD-D3879EEA60AE}.Debug|Any CPU.ActiveCfg = Debug|Any CPU
		{0019EA75-EBAF-4F47-AACD-D3879EEA60AE}.Debug|Any CPU.Build.0 = Debug|Any CPU
		{0019EA75-EBAF-4F47-AACD-D3879EEA60AE}.Release|Any CPU.ActiveCfg = Release|Any CPU
		{0019EA75-EBAF-4F47-AACD-D3879EEA60AE}.Release|Any CPU.Build.0 = Release|Any CPU
		{93038C07-FD81-44D0-87C8-FECB3AAE132A}.Debug|Any CPU.ActiveCfg = Debug|Any CPU
		{93038C07-FD81-44D0-87C8-FECB3AAE132A}.Debug|Any CPU.Build.0 = Debug|Any CPU
		{93038C07-FD81-44D0-87C8-FECB3AAE132A}.Release|Any CPU.ActiveCfg = Release|Any CPU
		{93038C07-FD81-44D0-87C8-FECB3AAE132A}.Release|Any CPU.Build.0 = Release|Any CPU
	EndGlobalSection
	GlobalSection(SolutionProperties) = preSolution
		HideSolutionNode = FALSE
	EndGlobalSection
	GlobalSection(ExtensibilityGlobals) = postSolution
		SolutionGuid = {6A97ECB4-4059-4256-B1FB-85EA87F146CE}
	EndGlobalSection
EndGlobal
